
Microsoft Visual Studio Solution File, Format Version 12.00
# Visual Studio Version 17
VisualStudioVersion = 17.2.32526.322
MinimumVisualStudioVersion = 10.0.40219.1
Project("{FAE04EC0-301F-11D3-BF4B-00C04F79EFBC}") = "pd3", "pd3.csproj", "{73E22FF9-978B-44F3-BAF6-FBF0800948E9}"
EndProject
Global
	GlobalSection(SolutionConfigurationPlatforms) = preSolution
		Debug|Any CPU = Debug|Any CPU
		Release|Any CPU = Release|Any CPU
	EndGlobalSection
	GlobalSection(ProjectConfigurationPlatforms) = postSolution
		{73E22FF9-978B-44F3-BAF6-FBF0800948E9}.Debug|Any CPU.ActiveCfg = Debug|Any CPU
		{73E22FF9-978B-44F3-BAF6-FBF0800948E9}.Debug|Any CPU.Build.0 = Debug|Any CPU
		{73E22FF9-978B-44F3-BAF6-FBF0800948E9}.Release|Any CPU.ActiveCfg = Release|Any CPU
		{73E22FF9-978B-44F3-BAF6-FBF0800948E9}.Release|Any CPU.Build.0 = Release|Any CPU
	EndGlobalSection
	GlobalSection(SolutionProperties) = preSolution
		HideSolutionNode = FALSE
	EndGlobalSection
	GlobalSection(ExtensibilityGlobals) = postSolution
		SolutionGuid = {856284B4-4B92-45C1-9E68-EC559E3F43DC}
	EndGlobalSection
EndGlobal
